// !$*UTF8*$!
{
	archiveVersion = 1;
	classes = {
	};
	objectVersion = 46;
	objects = {

/* Begin PBXBuildFile section */
		2433AE1E18819B52005DA816 /* Foundation.framework in Frameworks */ = {isa = PBXBuildFile; fileRef = 2433AE1D18819B52005DA816 /* Foundation.framework */; };
		2433AE2118819B52005DA816 /* main.m in Sources */ = {isa = PBXBuildFile; fileRef = 2433AE2018819B52005DA816 /* main.m */; };
		2433AE2518819B52005DA816 /* GeoCoder.1 in CopyFiles */ = {isa = PBXBuildFile; fileRef = 2433AE2418819B52005DA816 /* GeoCoder.1 */; };
		2433AE2C18819B85005DA816 /* CoreLocation.framework in Frameworks */ = {isa = PBXBuildFile; fileRef = 2433AE2B18819B85005DA816 /* CoreLocation.framework */; };
/* End PBXBuildFile section */

/* Begin PBXCopyFilesBuildPhase section */
		2433AE1818819B52005DA816 /* CopyFiles */ = {
			isa = PBXCopyFilesBuildPhase;
			buildActionMask = 2147483647;
			dstPath = /usr/share/man/man1/;
			dstSubfolderSpec = 0;
			files = (
				2433AE2518819B52005DA816 /* GeoCoder.1 in CopyFiles */,
			);
			runOnlyForDeploymentPostprocessing = 1;
		};
/* End PBXCopyFilesBuildPhase section */

/* Begin PBXFileReference section */
		2433AE1A18819B52005DA816 /* GeoCoder */ = {isa = PBXFileReference; explicitFileType = "compiled.mach-o.executable"; includeInIndex = 0; path = GeoCoder; sourceTree = BUILT_PRODUCTS_DIR; };
		2433AE1D18819B52005DA816 /* Foundation.framework */ = {isa = PBXFileReference; lastKnownFileType = wrapper.framework; name = Foundation.framework; path = System/Library/Frameworks/Foundation.framework; sourceTree = SDKROOT; };
		2433AE2018819B52005DA816 /* main.m */ = {isa = PBXFileReference; lastKnownFileType = sourcecode.c.objc; path = main.m; sourceTree = "<group>"; tabWidth = 3; };
		2433AE2318819B52005DA816 /* GeoCoder-Prefix.pch */ = {isa = PBXFileReference; lastKnownFileType = sourcecode.c.h; path = "GeoCoder-Prefix.pch"; sourceTree = "<group>"; };
		2433AE2418819B52005DA816 /* GeoCoder.1 */ = {isa = PBXFileReference; lastKnownFileType = text.man; path = GeoCoder.1; sourceTree = "<group>"; };
		2433AE2B18819B85005DA816 /* CoreLocation.framework */ = {isa = PBXFileReference; lastKnownFileType = wrapper.framework; name = CoreLocation.framework; path = System/Library/Frameworks/CoreLocation.framework; sourceTree = SDKROOT; };
/* End PBXFileReference section */

/* Begin PBXFrameworksBuildPhase section */
		2433AE1718819B52005DA816 /* Frameworks */ = {
			isa = PBXFrameworksBuildPhase;
			buildActionMask = 2147483647;
			files = (
				2433AE2C18819B85005DA816 /* CoreLocation.framework in Frameworks */,
				2433AE1E18819B52005DA816 /* Foundation.framework in Frameworks */,
			);
			runOnlyForDeploymentPostprocessing = 0;
		};
/* End PBXFrameworksBuildPhase section */

/* Begin PBXGroup section */
		2433AE1118819B52005DA816 = {
			isa = PBXGroup;
			children = (
				2433AE1F18819B52005DA816 /* GeoCoder */,
				2433AE1C18819B52005DA816 /* Frameworks */,
				2433AE1B18819B52005DA816 /* Products */,
			);
			sourceTree = "<group>";
		};
		2433AE1B18819B52005DA816 /* Products */ = {
			isa = PBXGroup;
			children = (
				2433AE1A18819B52005DA816 /* GeoCoder */,
			);
			name = Products;
			sourceTree = "<group>";
		};
		2433AE1C18819B52005DA816 /* Frameworks */ = {
			isa = PBXGroup;
			children = (
				2433AE2B18819B85005DA816 /* CoreLocation.framework */,
				2433AE1D18819B52005DA816 /* Foundation.framework */,
			);
			name = Frameworks;
			sourceTree = "<group>";
		};
		2433AE1F18819B52005DA816 /* GeoCoder */ = {
			isa = PBXGroup;
			children = (
				2433AE2018819B52005DA816 /* main.m */,
				2433AE2418819B52005DA816 /* GeoCoder.1 */,
				2433AE2218819B52005DA816 /* Supporting Files */,
			);
			path = GeoCoder;
			sourceTree = "<group>";
		};
		2433AE2218819B52005DA816 /* Supporting Files */ = {
			isa = PBXGroup;
			children = (
				2433AE2318819B52005DA816 /* GeoCoder-Prefix.pch */,
			);
			name = "Supporting Files";
			sourceTree = "<group>";
		};
/* End PBXGroup section */

/* Begin PBXNativeTarget section */
		2433AE1918819B52005DA816 /* GeoCoder */ = {
			isa = PBXNativeTarget;
			buildConfigurationList = 2433AE2818819B52005DA816 /* Build configuration list for PBXNativeTarget "GeoCoder" */;
			buildPhases = (
				2433AE1618819B52005DA816 /* Sources */,
				2433AE1718819B52005DA816 /* Frameworks */,
				2433AE1818819B52005DA816 /* CopyFiles */,
			);
			buildRules = (
			);
			dependencies = (
			);
			name = GeoCoder;
			productName = GeoCoder;
			productReference = 2433AE1A18819B52005DA816 /* GeoCoder */;
			productType = "com.apple.product-type.tool";
		};
/* End PBXNativeTarget section */

/* Begin PBXProject section */
		2433AE1218819B52005DA816 /* Project object */ = {
			isa = PBXProject;
			attributes = {
				LastUpgradeCheck = 0500;
				ORGANIZATIONNAME = Yonsm;
			};
			buildConfigurationList = 2433AE1518819B52005DA816 /* Build configuration list for PBXProject "GeoCoder" */;
			compatibilityVersion = "Xcode 3.2";
			developmentRegion = English;
			hasScannedForEncodings = 0;
			knownRegions = (
				en,
			);
			mainGroup = 2433AE1118819B52005DA816;
			productRefGroup = 2433AE1B18819B52005DA816 /* Products */;
			projectDirPath = "";
			projectRoot = "";
			targets = (
				2433AE1918819B52005DA816 /* GeoCoder */,
			);
		};
/* End PBXProject section */

/* Begin PBXSourcesBuildPhase section */
		2433AE1618819B52005DA816 /* Sources */ = {
			isa = PBXSourcesBuildPhase;
			buildActionMask = 2147483647;
			files = (
				2433AE2118819B52005DA816 /* main.m in Sources */,
			);
			runOnlyForDeploymentPostprocessing = 0;
		};
/* End PBXSourcesBuildPhase section */

/* Begin XCBuildConfiguration section */
		2433AE2618819B52005DA816 /* Debug */ = {
			isa = XCBuildConfiguration;
			buildSettings = {
				ALWAYS_SEARCH_USER_PATHS = NO;
				CLANG_CXX_LANGUAGE_STANDARD = "gnu++0x";
				CLANG_CXX_LIBRARY = "libc++";
				CLANG_ENABLE_OBJC_ARC = YES;
				CLANG_WARN_BOOL_CONVERSION = YES;
				CLANG_WARN_CONSTANT_CONVERSION = YES;
				CLANG_WARN_DIRECT_OBJC_ISA_USAGE = YES_ERROR;
				CLANG_WARN_EMPTY_BODY = YES;
				CLANG_WARN_ENUM_CONVERSION = YES;
				CLANG_WARN_INT_CONVERSION = YES;
				CLANG_WARN_OBJC_ROOT_CLASS = YES_ERROR;
				CLANG_WARN__DUPLICATE_METHOD_MATCH = YES;
				COPY_PHASE_STRIP = NO;
				GCC_C_LANGUAGE_STANDARD = gnu99;
				GCC_DYNAMIC_NO_PIC = NO;
				GCC_ENABLE_OBJC_EXCEPTIONS = YES;
				GCC_OPTIMIZATION_LEVEL = 0;
				GCC_PREPROCESSOR_DEFINITIONS = (
					"DEBUG=1",
					"$(inherited)",
				);
				GCC_SYMBOLS_PRIVATE_EXTERN = NO;
				GCC_WARN_64_TO_32_BIT_CONVERSION = YES;
				GCC_WARN_ABOUT_RETURN_TYPE = YES_ERROR;
				GCC_WARN_UNDECLARED_SELECTOR = YES;
				GCC_WARN_UNINITIALIZED_AUTOS = YES;
				GCC_WARN_UNUSED_FUNCTION = YES;
				GCC_WARN_UNUSED_VARIABLE = YES;
				MACOSX_DEPLOYMENT_TARGET = 10.9;
				ONLY_ACTIVE_ARCH = YES;
				SDKROOT = macosx;
			};
			name = Debug;
		};
		2433AE2718819B52005DA816 /* Release */ = {
			isa = XCBuildConfiguration;
			buildSettings = {
				ALWAYS_SEARCH_USER_PATHS = NO;
				CLANG_CXX_LANGUAGE_STANDARD = "gnu++0x";
				CLANG_CXX_LIBRARY = "libc++";
				CLANG_ENABLE_OBJC_ARC = YES;
				CLANG_WARN_BOOL_CONVERSION = YES;
				CLANG_WARN_CONSTANT_CONVERSION = YES;
				CLANG_WARN_DIRECT_OBJC_ISA_USAGE = YES_ERROR;
				CLANG_WARN_EMPTY_BODY = YES;
				CLANG_WARN_ENUM_CONVERSION = YES;
				CLANG_WARN_INT_CONVERSION = YES;
				CLANG_WARN_OBJC_ROOT_CLASS = YES_ERROR;
				CLANG_WARN__DUPLICATE_METHOD_MATCH = YES;
				COPY_PHASE_STRIP = YES;
				DEBUG_INFORMATION_FORMAT = "dwarf-with-dsym";
				ENABLE_NS_ASSERTIONS = NO;
				GCC_C_LANGUAGE_STANDARD = gnu99;
				GCC_ENABLE_OBJC_EXCEPTIONS = YES;
				GCC_WARN_64_TO_32_BIT_CONVERSION = YES;
				GCC_WARN_ABOUT_RETURN_TYPE = YES_ERROR;
				GCC_WARN_UNDECLARED_SELECTOR = YES;
				GCC_WARN_UNINITIALIZED_AUTOS = YES;
				GCC_WARN_UNUSED_FUNCTION = YES;
				GCC_WARN_UNUSED_VARIABLE = YES;
				MACOSX_DEPLOYMENT_TARGET = 10.9;
				SDKROOT = macosx;
			};
			name = Release;
		};
		2433AE2918819B52005DA816 /* Debug */ = {
			isa = XCBuildConfiguration;
			buildSettings = {
				GCC_PRECOMPILE_PREFIX_HEADER = YES;
				GCC_PREFIX_HEADER = "GeoCoder/GeoCoder-Prefix.pch";
				PRODUCT_NAME = "$(TARGET_NAME)";
			};
			name = Debug;
		};
		2433AE2A18819B52005DA816 /* Release */ = {
			isa = XCBuildConfiguration;
			buildSettings = {
				GCC_PRECOMPILE_PREFIX_HEADER = YES;
				GCC_PREFIX_HEADER = "GeoCoder/GeoCoder-Prefix.pch";
				PRODUCT_NAME = "$(TARGET_NAME)";
			};
			name = Release;
		};
/* End XCBuildConfiguration section */

/* Begin XCConfigurationList section */
		2433AE1518819B52005DA816 /* Build configuration list for PBXProject "GeoCoder" */ = {
			isa = XCConfigurationList;
			buildConfigurations = (
				2433AE2618819B52005DA816 /* Debug */,
				2433AE2718819B52005DA816 /* Release */,
			);
			defaultConfigurationIsVisible = 0;
			defaultConfigurationName = Release;
		};
		2433AE2818819B52005DA816 /* Build configuration list for PBXNativeTarget "GeoCoder" */ = {
			isa = XCConfigurationList;
			buildConfigurations = (
				2433AE2918819B52005DA816 /* Debug */,
				2433AE2A18819B52005DA816 /* Release */,
			);
			defaultConfigurationIsVisible = 0;
		};
/* End XCConfigurationList section */
	};
	rootObject = 2433AE1218819B52005DA816 /* Project object */;
}
