// !$*UTF8*$!
{
	archiveVersion = 1;
	classes = {
	};
	objectVersion = 46;
	objects = {

/* Begin PBXBuildFile section */
		2446D26E151D813F00998E13 /* Cocoa.framework in Frameworks */ = {isa = PBXBuildFile; fileRef = 2446D26D151D813F00998E13 /* Cocoa.framework */; };
		2446D2DC151D825500998E13 /* AppDelegate.mm in Sources */ = {isa = PBXBuildFile; fileRef = 2446D28C151D825500998E13 /* AppDelegate.mm */; };
		2446D2DD151D825500998E13 /* NullController.mm in Sources */ = {isa = PBXBuildFile; fileRef = 2446D28F151D825500998E13 /* NullController.mm */; };
		2446D2DE151D825500998E13 /* NullObject.mm in Sources */ = {isa = PBXBuildFile; fileRef = 2446D292151D825500998E13 /* NullObject.mm */; };
		2446D2DF151D825500998E13 /* NullView.mm in Sources */ = {isa = PBXBuildFile; fileRef = 2446D295151D825500998E13 /* NullView.mm */; };
		2446D2EF151D825500998E13 /* Main.mm in Sources */ = {isa = PBXBuildFile; fileRef = 2446D2B2151D825500998E13 /* Main.mm */; };
		2446D2F2151D825500998E13 /* NSUtil.mm in Sources */ = {isa = PBXBuildFile; fileRef = 2446D2BB151D825500998E13 /* NSUtil.mm */; };
		2446D2F3151D825500998E13 /* SettingUtil.mm in Sources */ = {isa = PBXBuildFile; fileRef = 2446D2BD151D825500998E13 /* SettingUtil.mm */; };
		2446D36B151D841900998E13 /* Credits.rtf in Resources */ = {isa = PBXBuildFile; fileRef = 2446D359151D841900998E13 /* Credits.rtf */; };
		2446D36C151D841900998E13 /* Default.png in Resources */ = {isa = PBXBuildFile; fileRef = 2446D35A151D841900998E13 /* Default.png */; };
		2446D36D151D841900998E13 /* Default@2x.png in Resources */ = {isa = PBXBuildFile; fileRef = 2446D35B151D841900998E13 /* Default@2x.png */; };
		2446D36E151D841900998E13 /* Default@iPad.png in Resources */ = {isa = PBXBuildFile; fileRef = 2446D35C151D841900998E13 /* Default@iPad.png */; };
		2446D36F151D841900998E13 /* InfoPlist.strings in Resources */ = {isa = PBXBuildFile; fileRef = 2446D35D151D841900998E13 /* InfoPlist.strings */; };
		2446D370151D841900998E13 /* Localizable.strings in Resources */ = {isa = PBXBuildFile; fileRef = 2446D35F151D841900998E13 /* Localizable.strings */; };
		2446D372151D841900998E13 /* Icon.png in Resources */ = {isa = PBXBuildFile; fileRef = 2446D362151D841900998E13 /* Icon.png */; };
		2446D373151D841900998E13 /* Icon@2x.png in Resources */ = {isa = PBXBuildFile; fileRef = 2446D363151D841900998E13 /* Icon@2x.png */; };
		2446D374151D841900998E13 /* Icon@iPad.png in Resources */ = {isa = PBXBuildFile; fileRef = 2446D364151D841900998E13 /* Icon@iPad.png */; };
		2446D376151D841900998E13 /* MainMenu.xib in Resources */ = {isa = PBXBuildFile; fileRef = 2446D366151D841900998E13 /* MainMenu.xib */; };
/* End PBXBuildFile section */

/* Begin PBXFileReference section */
		2446D269151D813F00998E13 /* Example.app */ = {isa = PBXFileReference; explicitFileType = wrapper.application; includeInIndex = 0; path = Example.app; sourceTree = BUILT_PRODUCTS_DIR; };
		2446D26D151D813F00998E13 /* Cocoa.framework */ = {isa = PBXFileReference; lastKnownFileType = wrapper.framework; name = Cocoa.framework; path = System/Library/Frameworks/Cocoa.framework; sourceTree = SDKROOT; };
		2446D270151D813F00998E13 /* AppKit.framework */ = {isa = PBXFileReference; lastKnownFileType = wrapper.framework; name = AppKit.framework; path = System/Library/Frameworks/AppKit.framework; sourceTree = SDKROOT; };
		2446D271151D813F00998E13 /* CoreData.framework */ = {isa = PBXFileReference; lastKnownFileType = wrapper.framework; name = CoreData.framework; path = System/Library/Frameworks/CoreData.framework; sourceTree = SDKROOT; };
		2446D272151D813F00998E13 /* Foundation.framework */ = {isa = PBXFileReference; lastKnownFileType = wrapper.framework; name = Foundation.framework; path = System/Library/Frameworks/Foundation.framework; sourceTree = SDKROOT; };
		2446D28B151D825500998E13 /* AppDelegate.h */ = {isa = PBXFileReference; fileEncoding = 4; lastKnownFileType = sourcecode.c.h; path = AppDelegate.h; sourceTree = "<group>"; };
		2446D28C151D825500998E13 /* AppDelegate.mm */ = {isa = PBXFileReference; fileEncoding = 4; lastKnownFileType = sourcecode.cpp.objcpp; path = AppDelegate.mm; sourceTree = "<group>"; };
		2446D28E151D825500998E13 /* NullController.h */ = {isa = PBXFileReference; fileEncoding = 4; lastKnownFileType = sourcecode.c.h; path = NullController.h; sourceTree = "<group>"; };
		2446D28F151D825500998E13 /* NullController.mm */ = {isa = PBXFileReference; fileEncoding = 4; lastKnownFileType = sourcecode.cpp.objcpp; path = NullController.mm; sourceTree = "<group>"; };
		2446D291151D825500998E13 /* NullObject.h */ = {isa = PBXFileReference; fileEncoding = 4; lastKnownFileType = sourcecode.c.h; path = NullObject.h; sourceTree = "<group>"; };
		2446D292151D825500998E13 /* NullObject.mm */ = {isa = PBXFileReference; fileEncoding = 4; lastKnownFileType = sourcecode.cpp.objcpp; path = NullObject.mm; sourceTree = "<group>"; };
		2446D294151D825500998E13 /* NullView.h */ = {isa = PBXFileReference; fileEncoding = 4; lastKnownFileType = sourcecode.c.h; path = NullView.h; sourceTree = "<group>"; };
		2446D295151D825500998E13 /* NullView.mm */ = {isa = PBXFileReference; fileEncoding = 4; lastKnownFileType = sourcecode.cpp.objcpp; path = NullView.mm; sourceTree = "<group>"; };
		2446D2B2151D825500998E13 /* Main.mm */ = {isa = PBXFileReference; fileEncoding = 4; lastKnownFileType = sourcecode.cpp.objcpp; path = Main.mm; sourceTree = "<group>"; };
		2446D2B3151D825500998E13 /* Prefix.pch */ = {isa = PBXFileReference; fileEncoding = 4; lastKnownFileType = sourcecode.c.h; path = Prefix.pch; sourceTree = "<group>"; };
		2446D2B4151D825500998E13 /* UniBase.h */ = {isa = PBXFileReference; fileEncoding = 4; lastKnownFileType = sourcecode.c.h; path = UniBase.h; sourceTree = "<group>"; };
		2446D2BA151D825500998E13 /* NSUtil.h */ = {isa = PBXFileReference; fileEncoding = 4; lastKnownFileType = sourcecode.c.h; path = NSUtil.h; sourceTree = "<group>"; };
		2446D2BB151D825500998E13 /* NSUtil.mm */ = {isa = PBXFileReference; fileEncoding = 4; lastKnownFileType = sourcecode.cpp.objcpp; path = NSUtil.mm; sourceTree = "<group>"; };
		2446D2BC151D825500998E13 /* SettingUtil.h */ = {isa = PBXFileReference; fileEncoding = 4; lastKnownFileType = sourcecode.c.h; path = SettingUtil.h; sourceTree = "<group>"; };
		2446D2BD151D825500998E13 /* SettingUtil.mm */ = {isa = PBXFileReference; fileEncoding = 4; lastKnownFileType = sourcecode.cpp.objcpp; path = SettingUtil.mm; sourceTree = "<group>"; };
		2446D2D3151D825500998E13 /* crypt.h */ = {isa = PBXFileReference; fileEncoding = 4; lastKnownFileType = sourcecode.c.h; path = crypt.h; sourceTree = "<group>"; };
		2446D2D4151D825500998E13 /* ioapi.c */ = {isa = PBXFileReference; fileEncoding = 4; lastKnownFileType = sourcecode.c.c; path = ioapi.c; sourceTree = "<group>"; };
		2446D2D5151D825500998E13 /* ioapi.h */ = {isa = PBXFileReference; fileEncoding = 4; lastKnownFileType = sourcecode.c.h; path = ioapi.h; sourceTree = "<group>"; };
		2446D2D6151D825500998E13 /* unzip.c */ = {isa = PBXFileReference; fileEncoding = 4; lastKnownFileType = sourcecode.c.c; path = unzip.c; sourceTree = "<group>"; };
		2446D2D7151D825500998E13 /* unzip.h */ = {isa = PBXFileReference; fileEncoding = 4; lastKnownFileType = sourcecode.c.h; path = unzip.h; sourceTree = "<group>"; };
		2446D2D8151D825500998E13 /* zip.c */ = {isa = PBXFileReference; fileEncoding = 4; lastKnownFileType = sourcecode.c.c; path = zip.c; sourceTree = "<group>"; };
		2446D2D9151D825500998E13 /* zip.h */ = {isa = PBXFileReference; fileEncoding = 4; lastKnownFileType = sourcecode.c.h; path = zip.h; sourceTree = "<group>"; };
		2446D2DA151D825500998E13 /* ZipArchive.h */ = {isa = PBXFileReference; fileEncoding = 4; lastKnownFileType = sourcecode.c.h; path = ZipArchive.h; sourceTree = "<group>"; };
		2446D2DB151D825500998E13 /* ZipArchive.mm */ = {isa = PBXFileReference; fileEncoding = 4; lastKnownFileType = sourcecode.cpp.objcpp; path = ZipArchive.mm; sourceTree = "<group>"; };
		2446D359151D841900998E13 /* Credits.rtf */ = {isa = PBXFileReference; fileEncoding = 4; lastKnownFileType = text.rtf; path = Credits.rtf; sourceTree = "<group>"; };
		2446D35A151D841900998E13 /* Default.png */ = {isa = PBXFileReference; lastKnownFileType = image.png; path = Default.png; sourceTree = "<group>"; };
		2446D35B151D841900998E13 /* Default@2x.png */ = {isa = PBXFileReference; lastKnownFileType = image.png; path = "Default@2x.png"; sourceTree = "<group>"; };
		2446D35C151D841900998E13 /* Default@iPad.png */ = {isa = PBXFileReference; lastKnownFileType = image.png; path = "Default@iPad.png"; sourceTree = "<group>"; };
		2446D35E151D841900998E13 /* English */ = {isa = PBXFileReference; lastKnownFileType = text.plist.strings; name = English; path = English.lproj/InfoPlist.strings; sourceTree = "<group>"; };
		2446D360151D841900998E13 /* English */ = {isa = PBXFileReference; lastKnownFileType = text.plist.strings; name = English; path = English.lproj/Localizable.strings; sourceTree = "<group>"; };
		2446D361151D841900998E13 /* GenString */ = {isa = PBXFileReference; lastKnownFileType = "compiled.mach-o.executable"; path = GenString; sourceTree = "<group>"; };
		2446D362151D841900998E13 /* Icon.png */ = {isa = PBXFileReference; lastKnownFileType = image.png; path = Icon.png; sourceTree = "<group>"; };
		2446D363151D841900998E13 /* Icon@2x.png */ = {isa = PBXFileReference; lastKnownFileType = image.png; path = "Icon@2x.png"; sourceTree = "<group>"; };
		2446D364151D841900998E13 /* Icon@iPad.png */ = {isa = PBXFileReference; lastKnownFileType = image.png; path = "Icon@iPad.png"; sourceTree = "<group>"; };
		2446D365151D841900998E13 /* Info.plist */ = {isa = PBXFileReference; fileEncoding = 4; lastKnownFileType = text.plist.xml; path = Info.plist; sourceTree = "<group>"; };
		2446D366151D841900998E13 /* MainMenu.xib */ = {isa = PBXFileReference; fileEncoding = 4; lastKnownFileType = file.xib; path = MainMenu.xib; sourceTree = "<group>"; };
		2446D367151D841900998E13 /* zh-Hans */ = {isa = PBXFileReference; lastKnownFileType = text.plist.strings; name = "zh-Hans"; path = "zh-Hans.lproj/InfoPlist.strings"; sourceTree = "<group>"; };
		2446D368151D841900998E13 /* zh-Hans */ = {isa = PBXFileReference; lastKnownFileType = text.plist.strings; name = "zh-Hans"; path = "zh-Hans.lproj/Localizable.strings"; sourceTree = "<group>"; };
		2446D369151D841900998E13 /* zh-Hant */ = {isa = PBXFileReference; lastKnownFileType = text.plist.strings; name = "zh-Hant"; path = "zh-Hant.lproj/InfoPlist.strings"; sourceTree = "<group>"; };
		2446D36A151D841900998E13 /* zh-Hant */ = {isa = PBXFileReference; lastKnownFileType = text.plist.strings; name = "zh-Hant"; path = "zh-Hant.lproj/Localizable.strings"; sourceTree = "<group>"; };
/* End PBXFileReference section */

/* Begin PBXFrameworksBuildPhase section */
		2446D266151D813F00998E13 /* Frameworks */ = {
			isa = PBXFrameworksBuildPhase;
			buildActionMask = 2147483647;
			files = (
				2446D26E151D813F00998E13 /* Cocoa.framework in Frameworks */,
			);
			runOnlyForDeploymentPostprocessing = 0;
		};
/* End PBXFrameworksBuildPhase section */

/* Begin PBXGroup section */
		2446D25E151D813F00998E13 = {
			isa = PBXGroup;
			children = (
				2446D273151D813F00998E13 /* Example */,
				2446D26C151D813F00998E13 /* Frameworks */,
				2446D26A151D813F00998E13 /* Products */,
			);
			sourceTree = "<group>";
		};
		2446D26A151D813F00998E13 /* Products */ = {
			isa = PBXGroup;
			children = (
				2446D269151D813F00998E13 /* Example.app */,
			);
			name = Products;
			sourceTree = "<group>";
		};
		2446D26C151D813F00998E13 /* Frameworks */ = {
			isa = PBXGroup;
			children = (
				2446D26D151D813F00998E13 /* Cocoa.framework */,
				2446D26F151D813F00998E13 /* Other Frameworks */,
			);
			name = Frameworks;
			sourceTree = "<group>";
		};
		2446D26F151D813F00998E13 /* Other Frameworks */ = {
			isa = PBXGroup;
			children = (
				2446D270151D813F00998E13 /* AppKit.framework */,
				2446D271151D813F00998E13 /* CoreData.framework */,
				2446D272151D813F00998E13 /* Foundation.framework */,
			);
			name = "Other Frameworks";
			sourceTree = "<group>";
		};
		2446D273151D813F00998E13 /* Example */ = {
			isa = PBXGroup;
			children = (
				2446D28A151D825500998E13 /* Classes */,
				2446D2AA151D825500998E13 /* Sources */,
				2446D358151D841900998E13 /* Resources */,
			);
			path = Example;
			sourceTree = "<group>";
		};
		2446D28A151D825500998E13 /* Classes */ = {
			isa = PBXGroup;
			children = (
				2446D28B151D825500998E13 /* AppDelegate.h */,
				2446D28C151D825500998E13 /* AppDelegate.mm */,
				2446D28D151D825500998E13 /* Controller */,
				2446D290151D825500998E13 /* Model */,
				2446D293151D825500998E13 /* View */,
			);
			path = Classes;
			sourceTree = SOURCE_ROOT;
		};
		2446D28D151D825500998E13 /* Controller */ = {
			isa = PBXGroup;
			children = (
				2446D28E151D825500998E13 /* NullController.h */,
				2446D28F151D825500998E13 /* NullController.mm */,
			);
			path = Controller;
			sourceTree = "<group>";
		};
		2446D290151D825500998E13 /* Model */ = {
			isa = PBXGroup;
			children = (
				2446D291151D825500998E13 /* NullObject.h */,
				2446D292151D825500998E13 /* NullObject.mm */,
			);
			path = Model;
			sourceTree = "<group>";
		};
		2446D293151D825500998E13 /* View */ = {
			isa = PBXGroup;
			children = (
				2446D294151D825500998E13 /* NullView.h */,
				2446D295151D825500998E13 /* NullView.mm */,
			);
			path = View;
			sourceTree = "<group>";
		};
		2446D2AA151D825500998E13 /* Sources */ = {
			isa = PBXGroup;
			children = (
				2446D2B2151D825500998E13 /* Main.mm */,
				2446D2B3151D825500998E13 /* Prefix.pch */,
				2446D2B4151D825500998E13 /* UniBase.h */,
				2446D2AB151D825500998E13 /* Controller */,
				2446D2B5151D825500998E13 /* Util */,
				2446D2C2151D825500998E13 /* View */,
				2446D2CB151D825500998E13 /* WebController */,
				2446D2D2151D825500998E13 /* ZipArchive */,
			);
			path = Sources;
			sourceTree = SOURCE_ROOT;
		};
		2446D2AB151D825500998E13 /* Controller */ = {
			isa = PBXGroup;
			children = (
			);
			path = Controller;
			sourceTree = "<group>";
		};
		2446D2B5151D825500998E13 /* Util */ = {
			isa = PBXGroup;
			children = (
				2446D2BA151D825500998E13 /* NSUtil.h */,
				2446D2BB151D825500998E13 /* NSUtil.mm */,
				2446D2BC151D825500998E13 /* SettingUtil.h */,
				2446D2BD151D825500998E13 /* SettingUtil.mm */,
			);
			path = Util;
			sourceTree = "<group>";
		};
		2446D2C2151D825500998E13 /* View */ = {
			isa = PBXGroup;
			children = (
			);
			path = View;
			sourceTree = "<group>";
		};
		2446D2CB151D825500998E13 /* WebController */ = {
			isa = PBXGroup;
			children = (
			);
			path = WebController;
			sourceTree = "<group>";
		};
		2446D2D2151D825500998E13 /* ZipArchive */ = {
			isa = PBXGroup;
			children = (
				2446D2D3151D825500998E13 /* crypt.h */,
				2446D2D4151D825500998E13 /* ioapi.c */,
				2446D2D5151D825500998E13 /* ioapi.h */,
				2446D2D6151D825500998E13 /* unzip.c */,
				2446D2D7151D825500998E13 /* unzip.h */,
				2446D2D8151D825500998E13 /* zip.c */,
				2446D2D9151D825500998E13 /* zip.h */,
				2446D2DA151D825500998E13 /* ZipArchive.h */,
				2446D2DB151D825500998E13 /* ZipArchive.mm */,
			);
			path = ZipArchive;
			sourceTree = "<group>";
		};
		2446D358151D841900998E13 /* Resources */ = {
			isa = PBXGroup;
			children = (
				2446D365151D841900998E13 /* Info.plist */,
				2446D362151D841900998E13 /* Icon.png */,
				2446D363151D841900998E13 /* Icon@2x.png */,
				2446D364151D841900998E13 /* Icon@iPad.png */,
				2446D35A151D841900998E13 /* Default.png */,
				2446D35B151D841900998E13 /* Default@2x.png */,
				2446D35C151D841900998E13 /* Default@iPad.png */,
				2446D35D151D841900998E13 /* InfoPlist.strings */,
				2446D35F151D841900998E13 /* Localizable.strings */,
				2446D361151D841900998E13 /* GenString */,
				2446D359151D841900998E13 /* Credits.rtf */,
				2446D366151D841900998E13 /* MainMenu.xib */,
			);
			path = Resources;
			sourceTree = SOURCE_ROOT;
		};
/* End PBXGroup section */

/* Begin PBXNativeTarget section */
		2446D268151D813F00998E13 /* Example */ = {
			isa = PBXNativeTarget;
			buildConfigurationList = 2446D287151D813F00998E13 /* Build configuration list for PBXNativeTarget "Example" */;
			buildPhases = (
				2446D265151D813F00998E13 /* Sources */,
				2446D266151D813F00998E13 /* Frameworks */,
				2446D267151D813F00998E13 /* Resources */,
			);
			buildRules = (
			);
			dependencies = (
			);
			name = Example;
			productName = Example;
			productReference = 2446D269151D813F00998E13 /* Example.app */;
			productType = "com.apple.product-type.application";
		};
/* End PBXNativeTarget section */

/* Begin PBXProject section */
		2446D260151D813F00998E13 /* Project object */ = {
			isa = PBXProject;
			attributes = {
				LastUpgradeCheck = 0430;
			};
			buildConfigurationList = 2446D263151D813F00998E13 /* Build configuration list for PBXProject "Example" */;
			compatibilityVersion = "Xcode 3.2";
			developmentRegion = English;
			hasScannedForEncodings = 0;
			knownRegions = (
				en,
				English,
				"zh-Hans",
				"zh-Hant",
			);
			mainGroup = 2446D25E151D813F00998E13;
			productRefGroup = 2446D26A151D813F00998E13 /* Products */;
			projectDirPath = "";
			projectRoot = "";
			targets = (
				2446D268151D813F00998E13 /* Example */,
			);
		};
/* End PBXProject section */

/* Begin PBXResourcesBuildPhase section */
		2446D267151D813F00998E13 /* Resources */ = {
			isa = PBXResourcesBuildPhase;
			buildActionMask = 2147483647;
			files = (
				2446D36B151D841900998E13 /* Credits.rtf in Resources */,
				2446D36C151D841900998E13 /* Default.png in Resources */,
				2446D36D151D841900998E13 /* Default@2x.png in Resources */,
				2446D36E151D841900998E13 /* Default@iPad.png in Resources */,
				2446D36F151D841900998E13 /* InfoPlist.strings in Resources */,
				2446D370151D841900998E13 /* Localizable.strings in Resources */,
				2446D372151D841900998E13 /* Icon.png in Resources */,
				2446D373151D841900998E13 /* Icon@2x.png in Resources */,
				2446D374151D841900998E13 /* Icon@iPad.png in Resources */,
				2446D376151D841900998E13 /* MainMenu.xib in Resources */,
			);
			runOnlyForDeploymentPostprocessing = 0;
		};
/* End PBXResourcesBuildPhase section */

/* Begin PBXSourcesBuildPhase section */
		2446D265151D813F00998E13 /* Sources */ = {
			isa = PBXSourcesBuildPhase;
			buildActionMask = 2147483647;
			files = (
				2446D2DC151D825500998E13 /* AppDelegate.mm in Sources */,
				2446D2DD151D825500998E13 /* NullController.mm in Sources */,
				2446D2DE151D825500998E13 /* NullObject.mm in Sources */,
				2446D2DF151D825500998E13 /* NullView.mm in Sources */,
				2446D2EF151D825500998E13 /* Main.mm in Sources */,
				2446D2F2151D825500998E13 /* NSUtil.mm in Sources */,
				2446D2F3151D825500998E13 /* SettingUtil.mm in Sources */,
			);
			runOnlyForDeploymentPostprocessing = 0;
		};
/* End PBXSourcesBuildPhase section */

/* Begin PBXVariantGroup section */
		2446D35D151D841900998E13 /* InfoPlist.strings */ = {
			isa = PBXVariantGroup;
			children = (
				2446D35E151D841900998E13 /* English */,
				2446D367151D841900998E13 /* zh-Hans */,
				2446D369151D841900998E13 /* zh-Hant */,
			);
			name = InfoPlist.strings;
			sourceTree = "<group>";
		};
		2446D35F151D841900998E13 /* Localizable.strings */ = {
			isa = PBXVariantGroup;
			children = (
				2446D360151D841900998E13 /* English */,
				2446D368151D841900998E13 /* zh-Hans */,
				2446D36A151D841900998E13 /* zh-Hant */,
			);
			name = Localizable.strings;
			sourceTree = "<group>";
		};
/* End PBXVariantGroup section */

/* Begin XCBuildConfiguration section */
		2446D285151D813F00998E13 /* Debug */ = {
			isa = XCBuildConfiguration;
			buildSettings = {
				ALWAYS_SEARCH_USER_PATHS = NO;
				ARCHS = "$(ARCHS_STANDARD_64_BIT)";
				COPY_PHASE_STRIP = NO;
				GCC_C_LANGUAGE_STANDARD = gnu99;
				GCC_DYNAMIC_NO_PIC = NO;
				GCC_ENABLE_OBJC_EXCEPTIONS = YES;
				GCC_OPTIMIZATION_LEVEL = 0;
				GCC_PRECOMPILE_PREFIX_HEADER = YES;
				GCC_PREFIX_HEADER = Sources/Prefix.pch;
				GCC_PREPROCESSOR_DEFINITIONS = (
					"DEBUG=1",
					"$(inherited)",
				);
				GCC_SYMBOLS_PRIVATE_EXTERN = NO;
				GCC_VERSION = com.apple.compilers.llvm.clang.1_0;
				GCC_WARN_64_TO_32_BIT_CONVERSION = YES;
				GCC_WARN_ABOUT_RETURN_TYPE = YES;
				GCC_WARN_UNINITIALIZED_AUTOS = YES;
				GCC_WARN_UNUSED_VARIABLE = YES;
				MACOSX_DEPLOYMENT_TARGET = 10.7;
				ONLY_ACTIVE_ARCH = YES;
				SDKROOT = macosx;
				WRAPPER_EXTENSION = app;
			};
			name = Debug;
		};
		2446D286151D813F00998E13 /* Release */ = {
			isa = XCBuildConfiguration;
			buildSettings = {
				ALWAYS_SEARCH_USER_PATHS = NO;
				ARCHS = "$(ARCHS_STANDARD_64_BIT)";
				COPY_PHASE_STRIP = YES;
				DEBUG_INFORMATION_FORMAT = "dwarf-with-dsym";
				GCC_C_LANGUAGE_STANDARD = gnu99;
				GCC_ENABLE_OBJC_EXCEPTIONS = YES;
				GCC_PRECOMPILE_PREFIX_HEADER = YES;
				GCC_PREFIX_HEADER = Sources/Prefix.pch;
				GCC_VERSION = com.apple.compilers.llvm.clang.1_0;
				GCC_WARN_64_TO_32_BIT_CONVERSION = YES;
				GCC_WARN_ABOUT_RETURN_TYPE = YES;
				GCC_WARN_UNINITIALIZED_AUTOS = YES;
				GCC_WARN_UNUSED_VARIABLE = YES;
				MACOSX_DEPLOYMENT_TARGET = 10.7;
				SDKROOT = macosx;
				WRAPPER_EXTENSION = app;
			};
			name = Release;
		};
		2446D288151D813F00998E13 /* Debug */ = {
			isa = XCBuildConfiguration;
			buildSettings = {
				INFOPLIST_FILE = Resources/Info.plist;
				PRODUCT_NAME = "$(TARGET_NAME)";
			};
			name = Debug;
		};
		2446D289151D813F00998E13 /* Release */ = {
			isa = XCBuildConfiguration;
			buildSettings = {
				INFOPLIST_FILE = Resources/Info.plist;
				PRODUCT_NAME = "$(TARGET_NAME)";
			};
			name = Release;
		};
/* End XCBuildConfiguration section */

/* Begin XCConfigurationList section */
		2446D263151D813F00998E13 /* Build configuration list for PBXProject "Example" */ = {
			isa = XCConfigurationList;
			buildConfigurations = (
				2446D285151D813F00998E13 /* Debug */,
				2446D286151D813F00998E13 /* Release */,
			);
			defaultConfigurationIsVisible = 0;
			defaultConfigurationName = Release;
		};
		2446D287151D813F00998E13 /* Build configuration list for PBXNativeTarget "Example" */ = {
			isa = XCConfigurationList;
			buildConfigurations = (
				2446D288151D813F00998E13 /* Debug */,
				2446D289151D813F00998E13 /* Release */,
			);
			defaultConfigurationIsVisible = 0;
		};
/* End XCConfigurationList section */
	};
	rootObject = 2446D260151D813F00998E13 /* Project object */;
}
